PODS:
  - Carbon-flow (1.0.0):
    - DifferenceKit
  - DifferenceKit (1.1.5):
    - DifferenceKit/Core (= 1.1.5)
    - DifferenceKit/UIKitExtension (= 1.1.5)
  - DifferenceKit/Core (1.1.5)
  - DifferenceKit/UIKitExtension (1.1.5):
    - DifferenceKit/Core

DEPENDENCIES:
  - Carbon-flow (from `../`)

SPEC REPOS:
  trunk:
    - DifferenceKit

EXTERNAL SOURCES:
  Carbon-flow:
    :path: "../"

SPEC CHECKSUMS:
  Carbon-flow: daf8bf5486d43579b1dc053b53d8962967bec1d4
  DifferenceKit: 516f12e336ed65a3a0665847b5c3cb5cad4bd4ea

PODFILE CHECKSUM: f9183e2cb4c7df415957d4400671247469c43bb5

COCOAPODS: 1.11.3
